
Microsoft Visual Studio Solution File, Format Version 12.00
# Visual Studio Version 16
VisualStudioVersion = 16.0.31424.327
MinimumVisualStudioVersion = 10.0.40219.1
Project("{FAE04EC0-301F-11D3-BF4B-00C04F79EFBC}") = "EPianoW8085", "EPianoW8085\EPianoW8085.csproj", "{577F9CD4-3949-4172-A6EE-4637301B82AC}"
EndProject
Global
	GlobalSection(SolutionConfigurationPlatforms) = preSolution
		Debug|Any CPU = Debug|Any CPU
		Release|Any CPU = Release|Any CPU
	EndGlobalSection
	GlobalSection(ProjectConfigurationPlatforms) = postSolution
		{577F9CD4-3949-4172-A6EE-4637301B82AC}.Debug|Any CPU.ActiveCfg = Debug|Any CPU
		{577F9CD4-3949-4172-A6EE-4637301B82AC}.Debug|Any CPU.Build.0 = Debug|Any CPU
		{577F9CD4-3949-4172-A6EE-4637301B82AC}.Release|Any CPU.ActiveCfg = Release|Any CPU
		{577F9CD4-3949-4172-A6EE-4637301B82AC}.Release|Any CPU.Build.0 = Release|Any CPU
	EndGlobalSection
	GlobalSection(SolutionProperties) = preSolution
		HideSolutionNode = FALSE
	EndGlobalSection
	GlobalSection(ExtensibilityGlobals) = postSolution
		SolutionGuid = {CB2E0E50-C66F-4519-9C16-80742BD0AF74}
	EndGlobalSection
EndGlobal
